{
  "requires": true,
  "lockfileVersion": 1,
  "dependencies": {
    "ini": {
      "version": "1.3.5",
      "resolved": "https://registry.npmjs.org/ini/-/ini-1.3.5.tgz",
      "integrity": "sha512-RZY5huIKCMRWDUqZlEi72f/lmXKMvuszcMBduliQ3nnWbx9X/ZBQO7DijMEYS9EhHBb2qacRUMtC7svLwe0lcw=="
    },
    "math-pro": {
      "version": "1.1.0",
      "resolved": "https://registry.npmjs.org/math-pro/-/math-pro-1.1.0.tgz",
      "integrity": "sha512-eSlxz3N4LRQBjY7+94TrG1AF/p7OSQprLwjwCg7MgYJzvmlEZKA/BzjV4EQd3U+bo4QQO4NwEUajXv1d5A4SUQ=="
    }
  }
}
