{
  "requires": true,
  "lockfileVersion": 1,
  "dependencies": {
    "hud-gamepad": {
      "version": "0.5.9",
      "resolved": "https://registry.npmjs.org/hud-gamepad/-/hud-gamepad-0.5.9.tgz",
      "integrity": "sha512-y7eFoCdGg9EC7oj0ZXqLqdT2EbUshc4aDgMhMa+I7HKvENfJ6OX1pHG+/vsPwJ5C61ntmIYZZnRlC6Qzn5hjdg=="
    },
    "uniq": {
      "version": "1.0.1",
      "resolved": "https://registry.npmjs.org/uniq/-/uniq-1.0.1.tgz",
      "integrity": "sha1-sxxa6CVIRKOoKBVBzisEuGWnNP8="
    }
  }
}
